// !$*UTF8*$!
{
	archiveVersion = 1;
	classes = {
	};
	objectVersion = 45;
	objects = {

/* Begin PBXAggregateTarget section */
		24416B8111C4CA220047AFDD /* Build & Test */ = {
			isa = PBXAggregateTarget;
			buildConfigurationList = 24416B8A11C4CA520047AFDD /* Build configuration list for PBXAggregateTarget "Build & Test" */;
			buildPhases = (
				24416B8011C4CA220047AFDD /* ShellScript */,
			);
			dependencies = (
				24416B8511C4CA280047AFDD /* PBXTargetDependency */,
			);
			name = "Build & Test";
			productName = "Build & test";
		};
/* End PBXAggregateTarget section */

/* Begin PBXBuildFile section */
		24DD6CF91134B3F500162E58 /* TiBrightcoveModule.h in Headers */ = {isa = PBXBuildFile; fileRef = 24DD6CF71134B3F500162E58 /* TiBrightcoveModule.h */; };
		24DD6CFA1134B3F500162E58 /* TiBrightcoveModule.m in Sources */ = {isa = PBXBuildFile; fileRef = 24DD6CF81134B3F500162E58 /* TiBrightcoveModule.m */; };
		24DE9E1111C5FE74003F90F6 /* TiBrightcoveModuleAssets.h in Headers */ = {isa = PBXBuildFile; fileRef = 24DE9E0F11C5FE74003F90F6 /* TiBrightcoveModuleAssets.h */; };
		24DE9E1211C5FE74003F90F6 /* TiBrightcoveModuleAssets.m in Sources */ = {isa = PBXBuildFile; fileRef = 24DE9E1011C5FE74003F90F6 /* TiBrightcoveModuleAssets.m */; };
		A88EC41613E0E0EB00D47BA8 /* TiBrightcovePlaylist.h in Headers */ = {isa = PBXBuildFile; fileRef = A88EC40E13E0E0EB00D47BA8 /* TiBrightcovePlaylist.h */; };
		A88EC41713E0E0EB00D47BA8 /* TiBrightcovePlaylist.m in Sources */ = {isa = PBXBuildFile; fileRef = A88EC40F13E0E0EB00D47BA8 /* TiBrightcovePlaylist.m */; };
		A88EC41813E0E0EB00D47BA8 /* TiBrightcoveVideo.h in Headers */ = {isa = PBXBuildFile; fileRef = A88EC41013E0E0EB00D47BA8 /* TiBrightcoveVideo.h */; };
		A88EC41913E0E0EB00D47BA8 /* TiBrightcoveVideo.m in Sources */ = {isa = PBXBuildFile; fileRef = A88EC41113E0E0EB00D47BA8 /* TiBrightcoveVideo.m */; };
		A88EC41A13E0E0EB00D47BA8 /* TiBrightcoveVideoPlayer.h in Headers */ = {isa = PBXBuildFile; fileRef = A88EC41213E0E0EB00D47BA8 /* TiBrightcoveVideoPlayer.h */; };
		A88EC41B13E0E0EB00D47BA8 /* TiBrightcoveVideoPlayer.m in Sources */ = {isa = PBXBuildFile; fileRef = A88EC41313E0E0EB00D47BA8 /* TiBrightcoveVideoPlayer.m */; };
		A88EC41C13E0E0EB00D47BA8 /* TiBrightcoveVideoPlayerProxy.h in Headers */ = {isa = PBXBuildFile; fileRef = A88EC41413E0E0EB00D47BA8 /* TiBrightcoveVideoPlayerProxy.h */; };
		A88EC41D13E0E0EB00D47BA8 /* TiBrightcoveVideoPlayerProxy.m in Sources */ = {isa = PBXBuildFile; fileRef = A88EC41513E0E0EB00D47BA8 /* TiBrightcoveVideoPlayerProxy.m */; };
		A88EC45F13E0E11500D47BA8 /* BCConfigManager.h in Headers */ = {isa = PBXBuildFile; fileRef = A88EC42813E0E11500D47BA8 /* BCConfigManager.h */; };
		A88EC46013E0E11500D47BA8 /* BCCuePoint.h in Headers */ = {isa = PBXBuildFile; fileRef = A88EC42913E0E11500D47BA8 /* BCCuePoint.h */; };
		A88EC46113E0E11500D47BA8 /* BCImage.h in Headers */ = {isa = PBXBuildFile; fileRef = A88EC42A13E0E11500D47BA8 /* BCImage.h */; };
		A88EC46213E0E11500D47BA8 /* BCItemCollection.h in Headers */ = {isa = PBXBuildFile; fileRef = A88EC42B13E0E11500D47BA8 /* BCItemCollection.h */; };
		A88EC46313E0E11500D47BA8 /* BCMediaAPI.h in Headers */ = {isa = PBXBuildFile; fileRef = A88EC42C13E0E11500D47BA8 /* BCMediaAPI.h */; };
		A88EC46413E0E11500D47BA8 /* BCMoviePlayerController.h in Headers */ = {isa = PBXBuildFile; fileRef = A88EC42D13E0E11500D47BA8 /* BCMoviePlayerController.h */; };
		A88EC46513E0E11500D47BA8 /* BCObject.h in Headers */ = {isa = PBXBuildFile; fileRef = A88EC42E13E0E11500D47BA8 /* BCObject.h */; };
		A88EC46613E0E11500D47BA8 /* BCPlaylist.h in Headers */ = {isa = PBXBuildFile; fileRef = A88EC42F13E0E11500D47BA8 /* BCPlaylist.h */; };
		A88EC46713E0E11500D47BA8 /* BCRendition.h in Headers */ = {isa = PBXBuildFile; fileRef = A88EC43013E0E11500D47BA8 /* BCRendition.h */; };
		A88EC46813E0E11500D47BA8 /* BCSharingViewController.h in Headers */ = {isa = PBXBuildFile; fileRef = A88EC43113E0E11500D47BA8 /* BCSharingViewController.h */; };
		A88EC46913E0E11500D47BA8 /* BCVideo.h in Headers */ = {isa = PBXBuildFile; fileRef = A88EC43213E0E11500D47BA8 /* BCVideo.h */; };
		A88EC46A13E0E11500D47BA8 /* ExchangeCredentialsOperation.h in Headers */ = {isa = PBXBuildFile; fileRef = A88EC43313E0E11500D47BA8 /* ExchangeCredentialsOperation.h */; };
		A88EC46B13E0E11500D47BA8 /* ExchangeCredentialsOperationDelegate.h in Headers */ = {isa = PBXBuildFile; fileRef = A88EC43413E0E11500D47BA8 /* ExchangeCredentialsOperationDelegate.h */; };
		A88EC46C13E0E11500D47BA8 /* MGTwitterEngine.h in Headers */ = {isa = PBXBuildFile; fileRef = A88EC43513E0E11500D47BA8 /* MGTwitterEngine.h */; };
		A88EC46D13E0E11500D47BA8 /* MGTwitterEngineDelegate.h in Headers */ = {isa = PBXBuildFile; fileRef = A88EC43613E0E11500D47BA8 /* MGTwitterEngineDelegate.h */; };
		A88EC46E13E0E11500D47BA8 /* MGTwitterEngineGlobalHeader.h in Headers */ = {isa = PBXBuildFile; fileRef = A88EC43713E0E11500D47BA8 /* MGTwitterEngineGlobalHeader.h */; };
		A88EC46F13E0E11500D47BA8 /* MGTwitterHTTPURLConnection.h in Headers */ = {isa = PBXBuildFile; fileRef = A88EC43813E0E11500D47BA8 /* MGTwitterHTTPURLConnection.h */; };
		A88EC47013E0E11500D47BA8 /* MGTwitterLibXMLParser.h in Headers */ = {isa = PBXBuildFile; fileRef = A88EC43913E0E11500D47BA8 /* MGTwitterLibXMLParser.h */; };
		A88EC47113E0E11500D47BA8 /* MGTwitterMessagesLibXMLParser.h in Headers */ = {isa = PBXBuildFile; fileRef = A88EC43A13E0E11500D47BA8 /* MGTwitterMessagesLibXMLParser.h */; };
		A88EC47213E0E11500D47BA8 /* MGTwitterMessagesParser.h in Headers */ = {isa = PBXBuildFile; fileRef = A88EC43B13E0E11500D47BA8 /* MGTwitterMessagesParser.h */; };
		A88EC47313E0E11500D47BA8 /* MGTwitterMiscLibXMLParser.h in Headers */ = {isa = PBXBuildFile; fileRef = A88EC43C13E0E11500D47BA8 /* MGTwitterMiscLibXMLParser.h */; };
		A88EC47413E0E11500D47BA8 /* MGTwitterMiscParser.h in Headers */ = {isa = PBXBuildFile; fileRef = A88EC43D13E0E11500D47BA8 /* MGTwitterMiscParser.h */; };
		A88EC47513E0E11500D47BA8 /* MGTwitterParserDelegate.h in Headers */ = {isa = PBXBuildFile; fileRef = A88EC43E13E0E11500D47BA8 /* MGTwitterParserDelegate.h */; };
		A88EC47613E0E11500D47BA8 /* MGTwitterRequestTypes.h in Headers */ = {isa = PBXBuildFile; fileRef = A88EC43F13E0E11500D47BA8 /* MGTwitterRequestTypes.h */; };
		A88EC47713E0E11500D47BA8 /* MGTwitterStatusesLibXMLParser.h in Headers */ = {isa = PBXBuildFile; fileRef = A88EC44013E0E11500D47BA8 /* MGTwitterStatusesLibXMLParser.h */; };
		A88EC47813E0E11500D47BA8 /* MGTwitterStatusesParser.h in Headers */ = {isa = PBXBuildFile; fileRef = A88EC44113E0E11500D47BA8 /* MGTwitterStatusesParser.h */; };
		A88EC47913E0E11500D47BA8 /* MGTwitterUsersLibXMLParser.h in Headers */ = {isa = PBXBuildFile; fileRef = A88EC44213E0E11500D47BA8 /* MGTwitterUsersLibXMLParser.h */; };
		A88EC47A13E0E11500D47BA8 /* MGTwitterUsersParser.h in Headers */ = {isa = PBXBuildFile; fileRef = A88EC44313E0E11500D47BA8 /* MGTwitterUsersParser.h */; };
		A88EC47B13E0E11500D47BA8 /* MGTwitterXMLParser.h in Headers */ = {isa = PBXBuildFile; fileRef = A88EC44413E0E11500D47BA8 /* MGTwitterXMLParser.h */; };
		A88EC47C13E0E11500D47BA8 /* NSData+MGTwitterBase64.h in Headers */ = {isa = PBXBuildFile; fileRef = A88EC44513E0E11500D47BA8 /* NSData+MGTwitterBase64.h */; };
		A88EC47D13E0E11500D47BA8 /* NSObject+SBJSON.h in Headers */ = {isa = PBXBuildFile; fileRef = A88EC44613E0E11500D47BA8 /* NSObject+SBJSON.h */; };
		A88EC47E13E0E11500D47BA8 /* NSString+SBJSON.h in Headers */ = {isa = PBXBuildFile; fileRef = A88EC44713E0E11500D47BA8 /* NSString+SBJSON.h */; };
		A88EC47F13E0E11500D47BA8 /* NSString+UUID.h in Headers */ = {isa = PBXBuildFile; fileRef = A88EC44813E0E11500D47BA8 /* NSString+UUID.h */; };
		A88EC48013E0E11500D47BA8 /* NSMutableURLRequest+Parameters.h in Headers */ = {isa = PBXBuildFile; fileRef = A88EC44A13E0E11500D47BA8 /* NSMutableURLRequest+Parameters.h */; };
		A88EC48113E0E11500D47BA8 /* NSString+URLEncoding.h in Headers */ = {isa = PBXBuildFile; fileRef = A88EC44B13E0E11500D47BA8 /* NSString+URLEncoding.h */; };
		A88EC48213E0E11500D47BA8 /* NSURL+Base.h in Headers */ = {isa = PBXBuildFile; fileRef = A88EC44C13E0E11500D47BA8 /* NSURL+Base.h */; };
		A88EC48313E0E11500D47BA8 /* OAAsynchronousDataFetcher.h in Headers */ = {isa = PBXBuildFile; fileRef = A88EC44D13E0E11500D47BA8 /* OAAsynchronousDataFetcher.h */; };
		A88EC48413E0E11500D47BA8 /* OAConsumer.h in Headers */ = {isa = PBXBuildFile; fileRef = A88EC44E13E0E11500D47BA8 /* OAConsumer.h */; };
		A88EC48513E0E11500D47BA8 /* OADataFetcher.h in Headers */ = {isa = PBXBuildFile; fileRef = A88EC44F13E0E11500D47BA8 /* OADataFetcher.h */; };
		A88EC48613E0E11500D47BA8 /* OAHMAC_SHA1SignatureProvider.h in Headers */ = {isa = PBXBuildFile; fileRef = A88EC45013E0E11500D47BA8 /* OAHMAC_SHA1SignatureProvider.h */; };
		A88EC48713E0E11500D47BA8 /* OAMutableURLRequest.h in Headers */ = {isa = PBXBuildFile; fileRef = A88EC45113E0E11500D47BA8 /* OAMutableURLRequest.h */; };
		A88EC48813E0E11500D47BA8 /* OAPlaintextSignatureProvider.h in Headers */ = {isa = PBXBuildFile; fileRef = A88EC45213E0E11500D47BA8 /* OAPlaintextSignatureProvider.h */; };
		A88EC48913E0E11500D47BA8 /* OARequestParameter.h in Headers */ = {isa = PBXBuildFile; fileRef = A88EC45313E0E11500D47BA8 /* OARequestParameter.h */; };
		A88EC48A13E0E11500D47BA8 /* OAServiceTicket.h in Headers */ = {isa = PBXBuildFile; fileRef = A88EC45413E0E11500D47BA8 /* OAServiceTicket.h */; };
		A88EC48B13E0E11500D47BA8 /* OASignatureProviding.h in Headers */ = {isa = PBXBuildFile; fileRef = A88EC45513E0E11500D47BA8 /* OASignatureProviding.h */; };
		A88EC48C13E0E11500D47BA8 /* OAToken.h in Headers */ = {isa = PBXBuildFile; fileRef = A88EC45613E0E11500D47BA8 /* OAToken.h */; };
		A88EC48D13E0E11500D47BA8 /* OAToken_KeychainExtensions.h in Headers */ = {isa = PBXBuildFile; fileRef = A88EC45713E0E11500D47BA8 /* OAToken_KeychainExtensions.h */; };
		A88EC48E13E0E11500D47BA8 /* OAuthConsumer.h in Headers */ = {isa = PBXBuildFile; fileRef = A88EC45813E0E11500D47BA8 /* OAuthConsumer.h */; };
		A88EC48F13E0E11500D47BA8 /* SBJSON.h in Headers */ = {isa = PBXBuildFile; fileRef = A88EC45913E0E11500D47BA8 /* SBJSON.h */; };
		A88EC49013E0E11500D47BA8 /* SBJsonBase.h in Headers */ = {isa = PBXBuildFile; fileRef = A88EC45A13E0E11500D47BA8 /* SBJsonBase.h */; };
		A88EC49113E0E11500D47BA8 /* SBJsonParser.h in Headers */ = {isa = PBXBuildFile; fileRef = A88EC45B13E0E11500D47BA8 /* SBJsonParser.h */; };
		A88EC49213E0E11500D47BA8 /* SBJsonWriter.h in Headers */ = {isa = PBXBuildFile; fileRef = A88EC45C13E0E11500D47BA8 /* SBJsonWriter.h */; };
		A88EC49313E0E11500D47BA8 /* XAuthTwitterEngine.h in Headers */ = {isa = PBXBuildFile; fileRef = A88EC45D13E0E11500D47BA8 /* XAuthTwitterEngine.h */; };
		A88EC49413E0E11500D47BA8 /* XAuthTwitterEngineDelegate.h in Headers */ = {isa = PBXBuildFile; fileRef = A88EC45E13E0E11500D47BA8 /* XAuthTwitterEngineDelegate.h */; };
		A88EC49913E0E13200D47BA8 /* libBrightcoveMediaAPI.a in Frameworks */ = {isa = PBXBuildFile; fileRef = A88EC49513E0E13200D47BA8 /* libBrightcoveMediaAPI.a */; };
		A88EC49A13E0E13200D47BA8 /* libBrightcovePlayerKit.a in Frameworks */ = {isa = PBXBuildFile; fileRef = A88EC49613E0E13200D47BA8 /* libBrightcovePlayerKit.a */; };
		A88EC49B13E0E13200D47BA8 /* libBrightcoveSharingKit.a in Frameworks */ = {isa = PBXBuildFile; fileRef = A88EC49713E0E13200D47BA8 /* libBrightcoveSharingKit.a */; };
		A88EC49C13E0E13200D47BA8 /* libOAuth.a in Frameworks */ = {isa = PBXBuildFile; fileRef = A88EC49813E0E13200D47BA8 /* libOAuth.a */; };
		AA747D9F0F9514B9006C5449 /* TiBrightcove_Prefix.pch in Headers */ = {isa = PBXBuildFile; fileRef = AA747D9E0F9514B9006C5449 /* TiBrightcove_Prefix.pch */; };
		AACBBE4A0F95108600F1A2B1 /* Foundation.framework in Frameworks */ = {isa = PBXBuildFile; fileRef = AACBBE490F95108600F1A2B1 /* Foundation.framework */; };
/* End PBXBuildFile section */

/* Begin PBXContainerItemProxy section */
		24416B8411C4CA280047AFDD /* PBXContainerItemProxy */ = {
			isa = PBXContainerItemProxy;
			containerPortal = 0867D690FE84028FC02AAC07 /* Project object */;
			proxyType = 1;
			remoteGlobalIDString = D2AAC07D0554694100DB518D;
			remoteInfo = brightcove;
		};
/* End PBXContainerItemProxy section */

/* Begin PBXFileReference section */
		24DD6CF71134B3F500162E58 /* TiBrightcoveModule.h */ = {isa = PBXFileReference; fileEncoding = 4; lastKnownFileType = sourcecode.c.h; name = TiBrightcoveModule.h; path = Classes/TiBrightcoveModule.h; sourceTree = "<group>"; };
		24DD6CF81134B3F500162E58 /* TiBrightcoveModule.m */ = {isa = PBXFileReference; fileEncoding = 4; lastKnownFileType = sourcecode.c.objc; name = TiBrightcoveModule.m; path = Classes/TiBrightcoveModule.m; sourceTree = "<group>"; };
		24DD6D1B1134B66800162E58 /* titanium.xcconfig */ = {isa = PBXFileReference; fileEncoding = 4; lastKnownFileType = text.xcconfig; path = titanium.xcconfig; sourceTree = "<group>"; };
		24DE9E0F11C5FE74003F90F6 /* TiBrightcoveModuleAssets.h */ = {isa = PBXFileReference; fileEncoding = 4; lastKnownFileType = sourcecode.c.h; name = TiBrightcoveModuleAssets.h; path = Classes/TiBrightcoveModuleAssets.h; sourceTree = "<group>"; };
		24DE9E1011C5FE74003F90F6 /* TiBrightcoveModuleAssets.m */ = {isa = PBXFileReference; fileEncoding = 4; lastKnownFileType = sourcecode.c.objc; name = TiBrightcoveModuleAssets.m; path = Classes/TiBrightcoveModuleAssets.m; sourceTree = "<group>"; };
		A88EC40E13E0E0EB00D47BA8 /* TiBrightcovePlaylist.h */ = {isa = PBXFileReference; fileEncoding = 4; lastKnownFileType = sourcecode.c.h; name = TiBrightcovePlaylist.h; path = Classes/TiBrightcovePlaylist.h; sourceTree = "<group>"; };
		A88EC40F13E0E0EB00D47BA8 /* TiBrightcovePlaylist.m */ = {isa = PBXFileReference; fileEncoding = 4; lastKnownFileType = sourcecode.c.objc; name = TiBrightcovePlaylist.m; path = Classes/TiBrightcovePlaylist.m; sourceTree = "<group>"; };
		A88EC41013E0E0EB00D47BA8 /* TiBrightcoveVideo.h */ = {isa = PBXFileReference; fileEncoding = 4; lastKnownFileType = sourcecode.c.h; name = TiBrightcoveVideo.h; path = Classes/TiBrightcoveVideo.h; sourceTree = "<group>"; };
		A88EC41113E0E0EB00D47BA8 /* TiBrightcoveVideo.m */ = {isa = PBXFileReference; fileEncoding = 4; lastKnownFileType = sourcecode.c.objc; name = TiBrightcoveVideo.m; path = Classes/TiBrightcoveVideo.m; sourceTree = "<group>"; };
		A88EC41213E0E0EB00D47BA8 /* TiBrightcoveVideoPlayer.h */ = {isa = PBXFileReference; fileEncoding = 4; lastKnownFileType = sourcecode.c.h; name = TiBrightcoveVideoPlayer.h; path = Classes/TiBrightcoveVideoPlayer.h; sourceTree = "<group>"; };
		A88EC41313E0E0EB00D47BA8 /* TiBrightcoveVideoPlayer.m */ = {isa = PBXFileReference; fileEncoding = 4; lastKnownFileType = sourcecode.c.objc; name = TiBrightcoveVideoPlayer.m; path = Classes/TiBrightcoveVideoPlayer.m; sourceTree = "<group>"; };
		A88EC41413E0E0EB00D47BA8 /* TiBrightcoveVideoPlayerProxy.h */ = {isa = PBXFileReference; fileEncoding = 4; lastKnownFileType = sourcecode.c.h; name = TiBrightcoveVideoPlayerProxy.h; path = Classes/TiBrightcoveVideoPlayerProxy.h; sourceTree = "<group>"; };
		A88EC41513E0E0EB00D47BA8 /* TiBrightcoveVideoPlayerProxy.m */ = {isa = PBXFileReference; fileEncoding = 4; lastKnownFileType = sourcecode.c.objc; name = TiBrightcoveVideoPlayerProxy.m; path = Classes/TiBrightcoveVideoPlayerProxy.m; sourceTree = "<group>"; };
		A88EC41F13E0E10F00D47BA8 /* index.md */ = {isa = PBXFileReference; lastKnownFileType = text; path = index.md; sourceTree = "<group>"; };
		A88EC42013E0E10F00D47BA8 /* playlist.md */ = {isa = PBXFileReference; lastKnownFileType = text; path = playlist.md; sourceTree = "<group>"; };
		A88EC42113E0E10F00D47BA8 /* video.md */ = {isa = PBXFileReference; lastKnownFileType = text; path = video.md; sourceTree = "<group>"; };
		A88EC42213E0E10F00D47BA8 /* videoPlayer.md */ = {isa = PBXFileReference; lastKnownFileType = text; path = videoPlayer.md; sourceTree = "<group>"; };
		A88EC42413E0E10F00D47BA8 /* app.js */ = {isa = PBXFileReference; lastKnownFileType = sourcecode.javascript; path = app.js; sourceTree = "<group>"; };
		A88EC42513E0E10F00D47BA8 /* playlists.js */ = {isa = PBXFileReference; lastKnownFileType = sourcecode.javascript; path = playlists.js; sourceTree = "<group>"; };
		A88EC42613E0E10F00D47BA8 /* videos.js */ = {isa = PBXFileReference; lastKnownFileType = sourcecode.javascript; path = videos.js; sourceTree = "<group>"; };
		A88EC42813E0E11500D47BA8 /* BCConfigManager.h */ = {isa = PBXFileReference; fileEncoding = 4; lastKnownFileType = sourcecode.c.h; path = BCConfigManager.h; sourceTree = "<group>"; };
		A88EC42913E0E11500D47BA8 /* BCCuePoint.h */ = {isa = PBXFileReference; fileEncoding = 4; lastKnownFileType = sourcecode.c.h; path = BCCuePoint.h; sourceTree = "<group>"; };
		A88EC42A13E0E11500D47BA8 /* BCImage.h */ = {isa = PBXFileReference; fileEncoding = 4; lastKnownFileType = sourcecode.c.h; path = BCImage.h; sourceTree = "<group>"; };
		A88EC42B13E0E11500D47BA8 /* BCItemCollection.h */ = {isa = PBXFileReference; fileEncoding = 4; lastKnownFileType = sourcecode.c.h; path = BCItemCollection.h; sourceTree = "<group>"; };
		A88EC42C13E0E11500D47BA8 /* BCMediaAPI.h */ = {isa = PBXFileReference; fileEncoding = 4; lastKnownFileType = sourcecode.c.h; path = BCMediaAPI.h; sourceTree = "<group>"; };
		A88EC42D13E0E11500D47BA8 /* BCMoviePlayerController.h */ = {isa = PBXFileReference; fileEncoding = 4; lastKnownFileType = sourcecode.c.h; path = BCMoviePlayerController.h; sourceTree = "<group>"; };
		A88EC42E13E0E11500D47BA8 /* BCObject.h */ = {isa = PBXFileReference; fileEncoding = 4; lastKnownFileType = sourcecode.c.h; path = BCObject.h; sourceTree = "<group>"; };
		A88EC42F13E0E11500D47BA8 /* BCPlaylist.h */ = {isa = PBXFileReference; fileEncoding = 4; lastKnownFileType = sourcecode.c.h; path = BCPlaylist.h; sourceTree = "<group>"; };
		A88EC43013E0E11500D47BA8 /* BCRendition.h */ = {isa = PBXFileReference; fileEncoding = 4; lastKnownFileType = sourcecode.c.h; path = BCRendition.h; sourceTree = "<group>"; };
		A88EC43113E0E11500D47BA8 /* BCSharingViewController.h */ = {isa = PBXFileReference; fileEncoding = 4; lastKnownFileType = sourcecode.c.h; path = BCSharingViewController.h; sourceTree = "<group>"; };
		A88EC43213E0E11500D47BA8 /* BCVideo.h */ = {isa = PBXFileReference; fileEncoding = 4; lastKnownFileType = sourcecode.c.h; path = BCVideo.h; sourceTree = "<group>"; };
		A88EC43313E0E11500D47BA8 /* ExchangeCredentialsOperation.h */ = {isa = PBXFileReference; fileEncoding = 4; lastKnownFileType = sourcecode.c.h; path = ExchangeCredentialsOperation.h; sourceTree = "<group>"; };
		A88EC43413E0E11500D47BA8 /* ExchangeCredentialsOperationDelegate.h */ = {isa = PBXFileReference; fileEncoding = 4; lastKnownFileType = sourcecode.c.h; path = ExchangeCredentialsOperationDelegate.h; sourceTree = "<group>"; };
		A88EC43513E0E11500D47BA8 /* MGTwitterEngine.h */ = {isa = PBXFileReference; fileEncoding = 4; lastKnownFileType = sourcecode.c.h; path = MGTwitterEngine.h; sourceTree = "<group>"; };
		A88EC43613E0E11500D47BA8 /* MGTwitterEngineDelegate.h */ = {isa = PBXFileReference; fileEncoding = 4; lastKnownFileType = sourcecode.c.h; path = MGTwitterEngineDelegate.h; sourceTree = "<group>"; };
		A88EC43713E0E11500D47BA8 /* MGTwitterEngineGlobalHeader.h */ = {isa = PBXFileReference; fileEncoding = 4; lastKnownFileType = sourcecode.c.h; path = MGTwitterEngineGlobalHeader.h; sourceTree = "<group>"; };
		A88EC43813E0E11500D47BA8 /* MGTwitterHTTPURLConnection.h */ = {isa = PBXFileReference; fileEncoding = 4; lastKnownFileType = sourcecode.c.h; path = MGTwitterHTTPURLConnection.h; sourceTree = "<group>"; };
		A88EC43913E0E11500D47BA8 /* MGTwitterLibXMLParser.h */ = {isa = PBXFileReference; fileEncoding = 4; lastKnownFileType = sourcecode.c.h; path = MGTwitterLibXMLParser.h; sourceTree = "<group>"; };
		A88EC43A13E0E11500D47BA8 /* MGTwitterMessagesLibXMLParser.h */ = {isa = PBXFileReference; fileEncoding = 4; lastKnownFileType = sourcecode.c.h; path = MGTwitterMessagesLibXMLParser.h; sourceTree = "<group>"; };
		A88EC43B13E0E11500D47BA8 /* MGTwitterMessagesParser.h */ = {isa = PBXFileReference; fileEncoding = 4; lastKnownFileType = sourcecode.c.h; path = MGTwitterMessagesParser.h; sourceTree = "<group>"; };
		A88EC43C13E0E11500D47BA8 /* MGTwitterMiscLibXMLParser.h */ = {isa = PBXFileReference; fileEncoding = 4; lastKnownFileType = sourcecode.c.h; path = MGTwitterMiscLibXMLParser.h; sourceTree = "<group>"; };
		A88EC43D13E0E11500D47BA8 /* MGTwitterMiscParser.h */ = {isa = PBXFileReference; fileEncoding = 4; lastKnownFileType = sourcecode.c.h; path = MGTwitterMiscParser.h; sourceTree = "<group>"; };
		A88EC43E13E0E11500D47BA8 /* MGTwitterParserDelegate.h */ = {isa = PBXFileReference; fileEncoding = 4; lastKnownFileType = sourcecode.c.h; path = MGTwitterParserDelegate.h; sourceTree = "<group>"; };
		A88EC43F13E0E11500D47BA8 /* MGTwitterRequestTypes.h */ = {isa = PBXFileReference; fileEncoding = 4; lastKnownFileType = sourcecode.c.h; path = MGTwitterRequestTypes.h; sourceTree = "<group>"; };
		A88EC44013E0E11500D47BA8 /* MGTwitterStatusesLibXMLParser.h */ = {isa = PBXFileReference; fileEncoding = 4; lastKnownFileType = sourcecode.c.h; path = MGTwitterStatusesLibXMLParser.h; sourceTree = "<group>"; };
		A88EC44113E0E11500D47BA8 /* MGTwitterStatusesParser.h */ = {isa = PBXFileReference; fileEncoding = 4; lastKnownFileType = sourcecode.c.h; path = MGTwitterStatusesParser.h; sourceTree = "<group>"; };
		A88EC44213E0E11500D47BA8 /* MGTwitterUsersLibXMLParser.h */ = {isa = PBXFileReference; fileEncoding = 4; lastKnownFileType = sourcecode.c.h; path = MGTwitterUsersLibXMLParser.h; sourceTree = "<group>"; };
		A88EC44313E0E11500D47BA8 /* MGTwitterUsersParser.h */ = {isa = PBXFileReference; fileEncoding = 4; lastKnownFileType = sourcecode.c.h; path = MGTwitterUsersParser.h; sourceTree = "<group>"; };
		A88EC44413E0E11500D47BA8 /* MGTwitterXMLParser.h */ = {isa = PBXFileReference; fileEncoding = 4; lastKnownFileType = sourcecode.c.h; path = MGTwitterXMLParser.h; sourceTree = "<group>"; };
		A88EC44513E0E11500D47BA8 /* NSData+MGTwitterBase64.h */ = {isa = PBXFileReference; fileEncoding = 4; lastKnownFileType = sourcecode.c.h; path = "NSData+MGTwitterBase64.h"; sourceTree = "<group>"; };
		A88EC44613E0E11500D47BA8 /* NSObject+SBJSON.h */ = {isa = PBXFileReference; fileEncoding = 4; lastKnownFileType = sourcecode.c.h; path = "NSObject+SBJSON.h"; sourceTree = "<group>"; };
		A88EC44713E0E11500D47BA8 /* NSString+SBJSON.h */ = {isa = PBXFileReference; fileEncoding = 4; lastKnownFileType = sourcecode.c.h; path = "NSString+SBJSON.h"; sourceTree = "<group>"; };
		A88EC44813E0E11500D47BA8 /* NSString+UUID.h */ = {isa = PBXFileReference; fileEncoding = 4; lastKnownFileType = sourcecode.c.h; path = "NSString+UUID.h"; sourceTree = "<group>"; };
		A88EC44A13E0E11500D47BA8 /* NSMutableURLRequest+Parameters.h */ = {isa = PBXFileReference; fileEncoding = 4; lastKnownFileType = sourcecode.c.h; path = "NSMutableURLRequest+Parameters.h"; sourceTree = "<group>"; };
		A88EC44B13E0E11500D47BA8 /* NSString+URLEncoding.h */ = {isa = PBXFileReference; fileEncoding = 4; lastKnownFileType = sourcecode.c.h; path = "NSString+URLEncoding.h"; sourceTree = "<group>"; };
		A88EC44C13E0E11500D47BA8 /* NSURL+Base.h */ = {isa = PBXFileReference; fileEncoding = 4; lastKnownFileType = sourcecode.c.h; path = "NSURL+Base.h"; sourceTree = "<group>"; };
		A88EC44D13E0E11500D47BA8 /* OAAsynchronousDataFetcher.h */ = {isa = PBXFileReference; fileEncoding = 4; lastKnownFileType = sourcecode.c.h; path = OAAsynchronousDataFetcher.h; sourceTree = "<group>"; };
		A88EC44E13E0E11500D47BA8 /* OAConsumer.h */ = {isa = PBXFileReference; fileEncoding = 4; lastKnownFileType = sourcecode.c.h; path = OAConsumer.h; sourceTree = "<group>"; };
		A88EC44F13E0E11500D47BA8 /* OADataFetcher.h */ = {isa = PBXFileReference; fileEncoding = 4; lastKnownFileType = sourcecode.c.h; path = OADataFetcher.h; sourceTree = "<group>"; };
		A88EC45013E0E11500D47BA8 /* OAHMAC_SHA1SignatureProvider.h */ = {isa = PBXFileReference; fileEncoding = 4; lastKnownFileType = sourcecode.c.h; path = OAHMAC_SHA1SignatureProvider.h; sourceTree = "<group>"; };
		A88EC45113E0E11500D47BA8 /* OAMutableURLRequest.h */ = {isa = PBXFileReference; fileEncoding = 4; lastKnownFileType = sourcecode.c.h; path = OAMutableURLRequest.h; sourceTree = "<group>"; };
		A88EC45213E0E11500D47BA8 /* OAPlaintextSignatureProvider.h */ = {isa = PBXFileReference; fileEncoding = 4; lastKnownFileType = sourcecode.c.h; path = OAPlaintextSignatureProvider.h; sourceTree = "<group>"; };
		A88EC45313E0E11500D47BA8 /* OARequestParameter.h */ = {isa = PBXFileReference; fileEncoding = 4; lastKnownFileType = sourcecode.c.h; path = OARequestParameter.h; sourceTree = "<group>"; };
		A88EC45413E0E11500D47BA8 /* OAServiceTicket.h */ = {isa = PBXFileReference; fileEncoding = 4; lastKnownFileType = sourcecode.c.h; path = OAServiceTicket.h; sourceTree = "<group>"; };
		A88EC45513E0E11500D47BA8 /* OASignatureProviding.h */ = {isa = PBXFileReference; fileEncoding = 4; lastKnownFileType = sourcecode.c.h; path = OASignatureProviding.h; sourceTree = "<group>"; };
		A88EC45613E0E11500D47BA8 /* OAToken.h */ = {isa = PBXFileReference; fileEncoding = 4; lastKnownFileType = sourcecode.c.h; path = OAToken.h; sourceTree = "<group>"; };
		A88EC45713E0E11500D47BA8 /* OAToken_KeychainExtensions.h */ = {isa = PBXFileReference; fileEncoding = 4; lastKnownFileType = sourcecode.c.h; path = OAToken_KeychainExtensions.h; sourceTree = "<group>"; };
		A88EC45813E0E11500D47BA8 /* OAuthConsumer.h */ = {isa = PBXFileReference; fileEncoding = 4; lastKnownFileType = sourcecode.c.h; path = OAuthConsumer.h; sourceTree = "<group>"; };
		A88EC45913E0E11500D47BA8 /* SBJSON.h */ = {isa = PBXFileReference; fileEncoding = 4; lastKnownFileType = sourcecode.c.h; path = SBJSON.h; sourceTree = "<group>"; };
		A88EC45A13E0E11500D47BA8 /* SBJsonBase.h */ = {isa = PBXFileReference; fileEncoding = 4; lastKnownFileType = sourcecode.c.h; path = SBJsonBase.h; sourceTree = "<group>"; };
		A88EC45B13E0E11500D47BA8 /* SBJsonParser.h */ = {isa = PBXFileReference; fileEncoding = 4; lastKnownFileType = sourcecode.c.h; path = SBJsonParser.h; sourceTree = "<group>"; };
		A88EC45C13E0E11500D47BA8 /* SBJsonWriter.h */ = {isa = PBXFileReference; fileEncoding = 4; lastKnownFileType = sourcecode.c.h; path = SBJsonWriter.h; sourceTree = "<group>"; };
		A88EC45D13E0E11500D47BA8 /* XAuthTwitterEngine.h */ = {isa = PBXFileReference; fileEncoding = 4; lastKnownFileType = sourcecode.c.h; path = XAuthTwitterEngine.h; sourceTree = "<group>"; };
		A88EC45E13E0E11500D47BA8 /* XAuthTwitterEngineDelegate.h */ = {isa = PBXFileReference; fileEncoding = 4; lastKnownFileType = sourcecode.c.h; path = XAuthTwitterEngineDelegate.h; sourceTree = "<group>"; };
		A88EC49513E0E13200D47BA8 /* libBrightcoveMediaAPI.a */ = {isa = PBXFileReference; lastKnownFileType = archive.ar; path = libBrightcoveMediaAPI.a; sourceTree = "<group>"; };
		A88EC49613E0E13200D47BA8 /* libBrightcovePlayerKit.a */ = {isa = PBXFileReference; lastKnownFileType = archive.ar; path = libBrightcovePlayerKit.a; sourceTree = "<group>"; };
		A88EC49713E0E13200D47BA8 /* libBrightcoveSharingKit.a */ = {isa = PBXFileReference; lastKnownFileType = archive.ar; path = libBrightcoveSharingKit.a; sourceTree = "<group>"; };
		A88EC49813E0E13200D47BA8 /* libOAuth.a */ = {isa = PBXFileReference; lastKnownFileType = archive.ar; path = libOAuth.a; sourceTree = "<group>"; };
		AA747D9E0F9514B9006C5449 /* TiBrightcove_Prefix.pch */ = {isa = PBXFileReference; fileEncoding = 4; lastKnownFileType = sourcecode.c.h; path = TiBrightcove_Prefix.pch; sourceTree = SOURCE_ROOT; };
		AACBBE490F95108600F1A2B1 /* Foundation.framework */ = {isa = PBXFileReference; lastKnownFileType = wrapper.framework; name = Foundation.framework; path = System/Library/Frameworks/Foundation.framework; sourceTree = SDKROOT; };
		D2AAC07E0554694100DB518D /* libTiBrightcove.a */ = {isa = PBXFileReference; explicitFileType = archive.ar; includeInIndex = 0; path = libTiBrightcove.a; sourceTree = BUILT_PRODUCTS_DIR; };
/* End PBXFileReference section */

/* Begin PBXFrameworksBuildPhase section */
		D2AAC07C0554694100DB518D /* Frameworks */ = {
			isa = PBXFrameworksBuildPhase;
			buildActionMask = 2147483647;
			files = (
				A88EC49913E0E13200D47BA8 /* libBrightcoveMediaAPI.a in Frameworks */,
				A88EC49A13E0E13200D47BA8 /* libBrightcovePlayerKit.a in Frameworks */,
				A88EC49B13E0E13200D47BA8 /* libBrightcoveSharingKit.a in Frameworks */,
				A88EC49C13E0E13200D47BA8 /* libOAuth.a in Frameworks */,
				AACBBE4A0F95108600F1A2B1 /* Foundation.framework in Frameworks */,
			);
			runOnlyForDeploymentPostprocessing = 0;
		};
/* End PBXFrameworksBuildPhase section */

/* Begin PBXGroup section */
		034768DFFF38A50411DB9C8B /* Products */ = {
			isa = PBXGroup;
			children = (
				D2AAC07E0554694100DB518D /* libTiBrightcove.a */,
			);
			name = Products;
			sourceTree = "<group>";
		};
		0867D691FE84028FC02AAC07 /* brightcove */ = {
			isa = PBXGroup;
			children = (
				08FB77AEFE84172EC02AAC07 /* Classes */,
				A88EC42713E0E11500D47BA8 /* headers */,
				A88EC41E13E0E10F00D47BA8 /* documentation */,
				A88EC42313E0E10F00D47BA8 /* example */,
				32C88DFF0371C24200C91783 /* Other Sources */,
				0867D69AFE84028FC02AAC07 /* Frameworks */,
				034768DFFF38A50411DB9C8B /* Products */,
				A88EC49513E0E13200D47BA8 /* libBrightcoveMediaAPI.a */,
				A88EC49613E0E13200D47BA8 /* libBrightcovePlayerKit.a */,
				A88EC49713E0E13200D47BA8 /* libBrightcoveSharingKit.a */,
				A88EC49813E0E13200D47BA8 /* libOAuth.a */,
			);
			name = brightcove;
			sourceTree = "<group>";
		};
		0867D69AFE84028FC02AAC07 /* Frameworks */ = {
			isa = PBXGroup;
			children = (
				AACBBE490F95108600F1A2B1 /* Foundation.framework */,
			);
			name = Frameworks;
			sourceTree = "<group>";
		};
		08FB77AEFE84172EC02AAC07 /* Classes */ = {
			isa = PBXGroup;
			children = (
				24DE9E0F11C5FE74003F90F6 /* TiBrightcoveModuleAssets.h */,
				24DE9E1011C5FE74003F90F6 /* TiBrightcoveModuleAssets.m */,
				24DD6CF71134B3F500162E58 /* TiBrightcoveModule.h */,
				24DD6CF81134B3F500162E58 /* TiBrightcoveModule.m */,
				A88EC40E13E0E0EB00D47BA8 /* TiBrightcovePlaylist.h */,
				A88EC40F13E0E0EB00D47BA8 /* TiBrightcovePlaylist.m */,
				A88EC41013E0E0EB00D47BA8 /* TiBrightcoveVideo.h */,
				A88EC41113E0E0EB00D47BA8 /* TiBrightcoveVideo.m */,
				A88EC41213E0E0EB00D47BA8 /* TiBrightcoveVideoPlayer.h */,
				A88EC41313E0E0EB00D47BA8 /* TiBrightcoveVideoPlayer.m */,
				A88EC41413E0E0EB00D47BA8 /* TiBrightcoveVideoPlayerProxy.h */,
				A88EC41513E0E0EB00D47BA8 /* TiBrightcoveVideoPlayerProxy.m */,
			);
			name = Classes;
			sourceTree = "<group>";
		};
		32C88DFF0371C24200C91783 /* Other Sources */ = {
			isa = PBXGroup;
			children = (
				AA747D9E0F9514B9006C5449 /* TiBrightcove_Prefix.pch */,
				24DD6D1B1134B66800162E58 /* titanium.xcconfig */,
			);
			name = "Other Sources";
			sourceTree = "<group>";
		};
		A88EC41E13E0E10F00D47BA8 /* documentation */ = {
			isa = PBXGroup;
			children = (
				A88EC41F13E0E10F00D47BA8 /* index.md */,
				A88EC42013E0E10F00D47BA8 /* playlist.md */,
				A88EC42113E0E10F00D47BA8 /* video.md */,
				A88EC42213E0E10F00D47BA8 /* videoPlayer.md */,
			);
			path = documentation;
			sourceTree = "<group>";
		};
		A88EC42313E0E10F00D47BA8 /* example */ = {
			isa = PBXGroup;
			children = (
				A88EC42413E0E10F00D47BA8 /* app.js */,
				A88EC42513E0E10F00D47BA8 /* playlists.js */,
				A88EC42613E0E10F00D47BA8 /* videos.js */,
			);
			path = example;
			sourceTree = "<group>";
		};
		A88EC42713E0E11500D47BA8 /* headers */ = {
			isa = PBXGroup;
			children = (
				A88EC42813E0E11500D47BA8 /* BCConfigManager.h */,
				A88EC42913E0E11500D47BA8 /* BCCuePoint.h */,
				A88EC42A13E0E11500D47BA8 /* BCImage.h */,
				A88EC42B13E0E11500D47BA8 /* BCItemCollection.h */,
				A88EC42C13E0E11500D47BA8 /* BCMediaAPI.h */,
				A88EC42D13E0E11500D47BA8 /* BCMoviePlayerController.h */,
				A88EC42E13E0E11500D47BA8 /* BCObject.h */,
				A88EC42F13E0E11500D47BA8 /* BCPlaylist.h */,
				A88EC43013E0E11500D47BA8 /* BCRendition.h */,
				A88EC43113E0E11500D47BA8 /* BCSharingViewController.h */,
				A88EC43213E0E11500D47BA8 /* BCVideo.h */,
				A88EC43313E0E11500D47BA8 /* ExchangeCredentialsOperation.h */,
				A88EC43413E0E11500D47BA8 /* ExchangeCredentialsOperationDelegate.h */,
				A88EC43513E0E11500D47BA8 /* MGTwitterEngine.h */,
				A88EC43613E0E11500D47BA8 /* MGTwitterEngineDelegate.h */,
				A88EC43713E0E11500D47BA8 /* MGTwitterEngineGlobalHeader.h */,
				A88EC43813E0E11500D47BA8 /* MGTwitterHTTPURLConnection.h */,
				A88EC43913E0E11500D47BA8 /* MGTwitterLibXMLParser.h */,
				A88EC43A13E0E11500D47BA8 /* MGTwitterMessagesLibXMLParser.h */,
				A88EC43B13E0E11500D47BA8 /* MGTwitterMessagesParser.h */,
				A88EC43C13E0E11500D47BA8 /* MGTwitterMiscLibXMLParser.h */,
				A88EC43D13E0E11500D47BA8 /* MGTwitterMiscParser.h */,
				A88EC43E13E0E11500D47BA8 /* MGTwitterParserDelegate.h */,
				A88EC43F13E0E11500D47BA8 /* MGTwitterRequestTypes.h */,
				A88EC44013E0E11500D47BA8 /* MGTwitterStatusesLibXMLParser.h */,
				A88EC44113E0E11500D47BA8 /* MGTwitterStatusesParser.h */,
				A88EC44213E0E11500D47BA8 /* MGTwitterUsersLibXMLParser.h */,
				A88EC44313E0E11500D47BA8 /* MGTwitterUsersParser.h */,
				A88EC44413E0E11500D47BA8 /* MGTwitterXMLParser.h */,
				A88EC44513E0E11500D47BA8 /* NSData+MGTwitterBase64.h */,
				A88EC44613E0E11500D47BA8 /* NSObject+SBJSON.h */,
				A88EC44713E0E11500D47BA8 /* NSString+SBJSON.h */,
				A88EC44813E0E11500D47BA8 /* NSString+UUID.h */,
				A88EC44913E0E11500D47BA8 /* OAuthConsumer */,
				A88EC45913E0E11500D47BA8 /* SBJSON.h */,
				A88EC45A13E0E11500D47BA8 /* SBJsonBase.h */,
				A88EC45B13E0E11500D47BA8 /* SBJsonParser.h */,
				A88EC45C13E0E11500D47BA8 /* SBJsonWriter.h */,
				A88EC45D13E0E11500D47BA8 /* XAuthTwitterEngine.h */,
				A88EC45E13E0E11500D47BA8 /* XAuthTwitterEngineDelegate.h */,
			);
			path = headers;
			sourceTree = "<group>";
		};
		A88EC44913E0E11500D47BA8 /* OAuthConsumer */ = {
			isa = PBXGroup;
			children = (
				A88EC44A13E0E11500D47BA8 /* NSMutableURLRequest+Parameters.h */,
				A88EC44B13E0E11500D47BA8 /* NSString+URLEncoding.h */,
				A88EC44C13E0E11500D47BA8 /* NSURL+Base.h */,
				A88EC44D13E0E11500D47BA8 /* OAAsynchronousDataFetcher.h */,
				A88EC44E13E0E11500D47BA8 /* OAConsumer.h */,
				A88EC44F13E0E11500D47BA8 /* OADataFetcher.h */,
				A88EC45013E0E11500D47BA8 /* OAHMAC_SHA1SignatureProvider.h */,
				A88EC45113E0E11500D47BA8 /* OAMutableURLRequest.h */,
				A88EC45213E0E11500D47BA8 /* OAPlaintextSignatureProvider.h */,
				A88EC45313E0E11500D47BA8 /* OARequestParameter.h */,
				A88EC45413E0E11500D47BA8 /* OAServiceTicket.h */,
				A88EC45513E0E11500D47BA8 /* OASignatureProviding.h */,
				A88EC45613E0E11500D47BA8 /* OAToken.h */,
				A88EC45713E0E11500D47BA8 /* OAToken_KeychainExtensions.h */,
				A88EC45813E0E11500D47BA8 /* OAuthConsumer.h */,
			);
			path = OAuthConsumer;
			sourceTree = "<group>";
		};
/* End PBXGroup section */

/* Begin PBXHeadersBuildPhase section */
		D2AAC07A0554694100DB518D /* Headers */ = {
			isa = PBXHeadersBuildPhase;
			buildActionMask = 2147483647;
			files = (
				AA747D9F0F9514B9006C5449 /* TiBrightcove_Prefix.pch in Headers */,
				24DD6CF91134B3F500162E58 /* TiBrightcoveModule.h in Headers */,
				24DE9E1111C5FE74003F90F6 /* TiBrightcoveModuleAssets.h in Headers */,
				A88EC41613E0E0EB00D47BA8 /* TiBrightcovePlaylist.h in Headers */,
				A88EC41813E0E0EB00D47BA8 /* TiBrightcoveVideo.h in Headers */,
				A88EC41A13E0E0EB00D47BA8 /* TiBrightcoveVideoPlayer.h in Headers */,
				A88EC41C13E0E0EB00D47BA8 /* TiBrightcoveVideoPlayerProxy.h in Headers */,
				A88EC45F13E0E11500D47BA8 /* BCConfigManager.h in Headers */,
				A88EC46013E0E11500D47BA8 /* BCCuePoint.h in Headers */,
				A88EC46113E0E11500D47BA8 /* BCImage.h in Headers */,
				A88EC46213E0E11500D47BA8 /* BCItemCollection.h in Headers */,
				A88EC46313E0E11500D47BA8 /* BCMediaAPI.h in Headers */,
				A88EC46413E0E11500D47BA8 /* BCMoviePlayerController.h in Headers */,
				A88EC46513E0E11500D47BA8 /* BCObject.h in Headers */,
				A88EC46613E0E11500D47BA8 /* BCPlaylist.h in Headers */,
				A88EC46713E0E11500D47BA8 /* BCRendition.h in Headers */,
				A88EC46813E0E11500D47BA8 /* BCSharingViewController.h in Headers */,
				A88EC46913E0E11500D47BA8 /* BCVideo.h in Headers */,
				A88EC46A13E0E11500D47BA8 /* ExchangeCredentialsOperation.h in Headers */,
				A88EC46B13E0E11500D47BA8 /* ExchangeCredentialsOperationDelegate.h in Headers */,
				A88EC46C13E0E11500D47BA8 /* MGTwitterEngine.h in Headers */,
				A88EC46D13E0E11500D47BA8 /* MGTwitterEngineDelegate.h in Headers */,
				A88EC46E13E0E11500D47BA8 /* MGTwitterEngineGlobalHeader.h in Headers */,
				A88EC46F13E0E11500D47BA8 /* MGTwitterHTTPURLConnection.h in Headers */,
				A88EC47013E0E11500D47BA8 /* MGTwitterLibXMLParser.h in Headers */,
				A88EC47113E0E11500D47BA8 /* MGTwitterMessagesLibXMLParser.h in Headers */,
				A88EC47213E0E11500D47BA8 /* MGTwitterMessagesParser.h in Headers */,
				A88EC47313E0E11500D47BA8 /* MGTwitterMiscLibXMLParser.h in Headers */,
				A88EC47413E0E11500D47BA8 /* MGTwitterMiscParser.h in Headers */,
				A88EC47513E0E11500D47BA8 /* MGTwitterParserDelegate.h in Headers */,
				A88EC47613E0E11500D47BA8 /* MGTwitterRequestTypes.h in Headers */,
				A88EC47713E0E11500D47BA8 /* MGTwitterStatusesLibXMLParser.h in Headers */,
				A88EC47813E0E11500D47BA8 /* MGTwitterStatusesParser.h in Headers */,
				A88EC47913E0E11500D47BA8 /* MGTwitterUsersLibXMLParser.h in Headers */,
				A88EC47A13E0E11500D47BA8 /* MGTwitterUsersParser.h in Headers */,
				A88EC47B13E0E11500D47BA8 /* MGTwitterXMLParser.h in Headers */,
				A88EC47C13E0E11500D47BA8 /* NSData+MGTwitterBase64.h in Headers */,
				A88EC47D13E0E11500D47BA8 /* NSObject+SBJSON.h in Headers */,
				A88EC47E13E0E11500D47BA8 /* NSString+SBJSON.h in Headers */,
				A88EC47F13E0E11500D47BA8 /* NSString+UUID.h in Headers */,
				A88EC48013E0E11500D47BA8 /* NSMutableURLRequest+Parameters.h in Headers */,
				A88EC48113E0E11500D47BA8 /* NSString+URLEncoding.h in Headers */,
				A88EC48213E0E11500D47BA8 /* NSURL+Base.h in Headers */,
				A88EC48313E0E11500D47BA8 /* OAAsynchronousDataFetcher.h in Headers */,
				A88EC48413E0E11500D47BA8 /* OAConsumer.h in Headers */,
				A88EC48513E0E11500D47BA8 /* OADataFetcher.h in Headers */,
				A88EC48613E0E11500D47BA8 /* OAHMAC_SHA1SignatureProvider.h in Headers */,
				A88EC48713E0E11500D47BA8 /* OAMutableURLRequest.h in Headers */,
				A88EC48813E0E11500D47BA8 /* OAPlaintextSignatureProvider.h in Headers */,
				A88EC48913E0E11500D47BA8 /* OARequestParameter.h in Headers */,
				A88EC48A13E0E11500D47BA8 /* OAServiceTicket.h in Headers */,
				A88EC48B13E0E11500D47BA8 /* OASignatureProviding.h in Headers */,
				A88EC48C13E0E11500D47BA8 /* OAToken.h in Headers */,
				A88EC48D13E0E11500D47BA8 /* OAToken_KeychainExtensions.h in Headers */,
				A88EC48E13E0E11500D47BA8 /* OAuthConsumer.h in Headers */,
				A88EC48F13E0E11500D47BA8 /* SBJSON.h in Headers */,
				A88EC49013E0E11500D47BA8 /* SBJsonBase.h in Headers */,
				A88EC49113E0E11500D47BA8 /* SBJsonParser.h in Headers */,
				A88EC49213E0E11500D47BA8 /* SBJsonWriter.h in Headers */,
				A88EC49313E0E11500D47BA8 /* XAuthTwitterEngine.h in Headers */,
				A88EC49413E0E11500D47BA8 /* XAuthTwitterEngineDelegate.h in Headers */,
			);
			runOnlyForDeploymentPostprocessing = 0;
		};
/* End PBXHeadersBuildPhase section */

/* Begin PBXNativeTarget section */
		D2AAC07D0554694100DB518D /* brightcove */ = {
			isa = PBXNativeTarget;
			buildConfigurationList = 1DEB921E08733DC00010E9CD /* Build configuration list for PBXNativeTarget "brightcove" */;
			buildPhases = (
				D2AAC07A0554694100DB518D /* Headers */,
				D2AAC07B0554694100DB518D /* Sources */,
				D2AAC07C0554694100DB518D /* Frameworks */,
			);
			buildRules = (
			);
			dependencies = (
			);
			name = brightcove;
			productName = brightcove;
			productReference = D2AAC07E0554694100DB518D /* libTiBrightcove.a */;
			productType = "com.apple.product-type.library.static";
		};
/* End PBXNativeTarget section */

/* Begin PBXProject section */
		0867D690FE84028FC02AAC07 /* Project object */ = {
			isa = PBXProject;
			buildConfigurationList = 1DEB922208733DC00010E9CD /* Build configuration list for PBXProject "brightcove" */;
			compatibilityVersion = "Xcode 3.1";
			developmentRegion = English;
			hasScannedForEncodings = 1;
			knownRegions = (
				English,
				Japanese,
				French,
				German,
			);
			mainGroup = 0867D691FE84028FC02AAC07 /* brightcove */;
			productRefGroup = 034768DFFF38A50411DB9C8B /* Products */;
			projectDirPath = "";
			projectRoot = "";
			targets = (
				D2AAC07D0554694100DB518D /* brightcove */,
				24416B8111C4CA220047AFDD /* Build & Test */,
			);
		};
/* End PBXProject section */

/* Begin PBXShellScriptBuildPhase section */
		24416B8011C4CA220047AFDD /* ShellScript */ = {
			isa = PBXShellScriptBuildPhase;
			buildActionMask = 2147483647;
			files = (
			);
			inputPaths = (
			);
			outputPaths = (
			);
			runOnlyForDeploymentPostprocessing = 0;
			shellPath = /bin/sh;
			shellScript = "# shell script goes here\n\npython \"${TITANIUM_SDK}/titanium.py\" run --dir=\"${PROJECT_DIR}\"\nexit $?\n";
		};
/* End PBXShellScriptBuildPhase section */

/* Begin PBXSourcesBuildPhase section */
		D2AAC07B0554694100DB518D /* Sources */ = {
			isa = PBXSourcesBuildPhase;
			buildActionMask = 2147483647;
			files = (
				24DD6CFA1134B3F500162E58 /* TiBrightcoveModule.m in Sources */,
				24DE9E1211C5FE74003F90F6 /* TiBrightcoveModuleAssets.m in Sources */,
				A88EC41713E0E0EB00D47BA8 /* TiBrightcovePlaylist.m in Sources */,
				A88EC41913E0E0EB00D47BA8 /* TiBrightcoveVideo.m in Sources */,
				A88EC41B13E0E0EB00D47BA8 /* TiBrightcoveVideoPlayer.m in Sources */,
				A88EC41D13E0E0EB00D47BA8 /* TiBrightcoveVideoPlayerProxy.m in Sources */,
			);
			runOnlyForDeploymentPostprocessing = 0;
		};
/* End PBXSourcesBuildPhase section */

/* Begin PBXTargetDependency section */
		24416B8511C4CA280047AFDD /* PBXTargetDependency */ = {
			isa = PBXTargetDependency;
			target = D2AAC07D0554694100DB518D /* brightcove */;
			targetProxy = 24416B8411C4CA280047AFDD /* PBXContainerItemProxy */;
		};
/* End PBXTargetDependency section */

/* Begin XCBuildConfiguration section */
		1DEB921F08733DC00010E9CD /* Debug */ = {
			isa = XCBuildConfiguration;
			baseConfigurationReference = 24DD6D1B1134B66800162E58 /* titanium.xcconfig */;
			buildSettings = {
				ALWAYS_SEARCH_USER_PATHS = NO;
				ARCHS = "$(ARCHS_STANDARD_32_BIT)";
				COPY_PHASE_STRIP = NO;
				DSTROOT = /tmp/TiBrightcove.dst;
				GCC_DYNAMIC_NO_PIC = NO;
				GCC_ENABLE_FIX_AND_CONTINUE = YES;
				GCC_MODEL_TUNING = G5;
				GCC_OPTIMIZATION_LEVEL = 0;
				GCC_PRECOMPILE_PREFIX_HEADER = YES;
				GCC_PREFIX_HEADER = TiBrightcove_Prefix.pch;
				INSTALL_PATH = /usr/local/lib;
				LIBRARY_SEARCH_PATHS = (
					"$(inherited)",
					"\"$(SRCROOT)\"",
				);
				PRODUCT_NAME = TiBrightcove;
				SDKROOT = iphoneos;
			};
			name = Debug;
		};
		1DEB922008733DC00010E9CD /* Release */ = {
			isa = XCBuildConfiguration;
			baseConfigurationReference = 24DD6D1B1134B66800162E58 /* titanium.xcconfig */;
			buildSettings = {
				ALWAYS_SEARCH_USER_PATHS = NO;
				ARCHS = "$(ARCHS_STANDARD_32_BIT)";
				DSTROOT = /tmp/TiBrightcove.dst;
				GCC_MODEL_TUNING = G5;
				GCC_PRECOMPILE_PREFIX_HEADER = YES;
				GCC_PREFIX_HEADER = TiBrightcove_Prefix.pch;
				INSTALL_PATH = /usr/local/lib;
				LIBRARY_SEARCH_PATHS = (
					"$(inherited)",
					"\"$(SRCROOT)\"",
				);
				PRODUCT_NAME = TiBrightcove;
				SDKROOT = iphoneos;
			};
			name = Release;
		};
		1DEB922308733DC00010E9CD /* Debug */ = {
			isa = XCBuildConfiguration;
			baseConfigurationReference = 24DD6D1B1134B66800162E58 /* titanium.xcconfig */;
			buildSettings = {
				ARCHS = "$(ARCHS_STANDARD_32_BIT)";
				GCC_C_LANGUAGE_STANDARD = c99;
				GCC_OPTIMIZATION_LEVEL = 0;
				GCC_WARN_ABOUT_RETURN_TYPE = YES;
				GCC_WARN_UNUSED_VARIABLE = YES;
				OTHER_LDFLAGS = "";
				PREBINDING = NO;
				SDKROOT = iphoneos4.0;
			};
			name = Debug;
		};
		1DEB922408733DC00010E9CD /* Release */ = {
			isa = XCBuildConfiguration;
			baseConfigurationReference = 24DD6D1B1134B66800162E58 /* titanium.xcconfig */;
			buildSettings = {
				ARCHS = "$(ARCHS_STANDARD_32_BIT)";
				GCC_C_LANGUAGE_STANDARD = c99;
				GCC_WARN_ABOUT_RETURN_TYPE = YES;
				GCC_WARN_UNUSED_VARIABLE = YES;
				OTHER_LDFLAGS = "";
				PREBINDING = NO;
				SDKROOT = iphoneos4.0;
			};
			name = Release;
		};
		24416B8211C4CA220047AFDD /* Debug */ = {
			isa = XCBuildConfiguration;
			baseConfigurationReference = 24DD6D1B1134B66800162E58 /* titanium.xcconfig */;
			buildSettings = {
				COPY_PHASE_STRIP = NO;
				GCC_DYNAMIC_NO_PIC = NO;
				GCC_OPTIMIZATION_LEVEL = 0;
				PRODUCT_NAME = "Build & test";
			};
			name = Debug;
		};
		24416B8311C4CA220047AFDD /* Release */ = {
			isa = XCBuildConfiguration;
			baseConfigurationReference = 24DD6D1B1134B66800162E58 /* titanium.xcconfig */;
			buildSettings = {
				COPY_PHASE_STRIP = YES;
				DEBUG_INFORMATION_FORMAT = "dwarf-with-dsym";
				GCC_ENABLE_FIX_AND_CONTINUE = NO;
				PRODUCT_NAME = "Build & test";
				ZERO_LINK = NO;
			};
			name = Release;
		};
/* End XCBuildConfiguration section */

/* Begin XCConfigurationList section */
		1DEB921E08733DC00010E9CD /* Build configuration list for PBXNativeTarget "brightcove" */ = {
			isa = XCConfigurationList;
			buildConfigurations = (
				1DEB921F08733DC00010E9CD /* Debug */,
				1DEB922008733DC00010E9CD /* Release */,
			);
			defaultConfigurationIsVisible = 0;
			defaultConfigurationName = Release;
		};
		1DEB922208733DC00010E9CD /* Build configuration list for PBXProject "brightcove" */ = {
			isa = XCConfigurationList;
			buildConfigurations = (
				1DEB922308733DC00010E9CD /* Debug */,
				1DEB922408733DC00010E9CD /* Release */,
			);
			defaultConfigurationIsVisible = 0;
			defaultConfigurationName = Release;
		};
		24416B8A11C4CA520047AFDD /* Build configuration list for PBXAggregateTarget "Build & Test" */ = {
			isa = XCConfigurationList;
			buildConfigurations = (
				24416B8211C4CA220047AFDD /* Debug */,
				24416B8311C4CA220047AFDD /* Release */,
			);
			defaultConfigurationIsVisible = 0;
			defaultConfigurationName = Release;
		};
/* End XCConfigurationList section */
	};
	rootObject = 0867D690FE84028FC02AAC07 /* Project object */;
}
